// !$*UTF8*$!
{
	archiveVersion = 1;
	classes = {
	};
	objectVersion = 77;
	objects = {

/* Begin PBXContainerItemProxy section */
		A4CBA07A2D6B3B0D0034AEAE /* PBXContainerItemProxy */ = {
			isa = PBXContainerItemProxy;
			containerPortal = A4CBA0612D6B3B0A0034AEAE /* Project object */;
			proxyType = 1;
			remoteGlobalIDString = A4CBA0682D6B3B0A0034AEAE;
			remoteInfo = Book_of_Answers;
		};
		A4CBA0842D6B3B0D0034AEAE /* PBXContainerItemProxy */ = {
			isa = PBXContainerItemProxy;
			containerPortal = A4CBA0612D6B3B0A0034AEAE /* Project object */;
			proxyType = 1;
			remoteGlobalIDString = A4CBA0682D6B3B0A0034AEAE;
			remoteInfo = Book_of_Answers;
		};
/* End PBXContainerItemProxy section */

/* Begin PBXFileReference section */
		A4CBA0692D6B3B0A0034AEAE /* 答案之书.app */ = {isa = PBXFileReference; explicitFileType = wrapper.application; includeInIndex = 0; path = "答案之书.app"; sourceTree = BUILT_PRODUCTS_DIR; };
		A4CBA0792D6B3B0D0034AEAE /* 答案之书Tests.xctest */ = {isa = PBXFileReference; explicitFileType = wrapper.cfbundle; includeInIndex = 0; path = "答案之书Tests.xctest"; sourceTree = BUILT_PRODUCTS_DIR; };
		A4CBA0832D6B3B0D0034AEAE /* 答案之书UITests.xctest */ = {isa = PBXFileReference; explicitFileType = wrapper.cfbundle; includeInIndex = 0; path = "答案之书UITests.xctest"; sourceTree = BUILT_PRODUCTS_DIR; };
/* End PBXFileReference section */

/* Begin PBXFileSystemSynchronizedRootGroup section */
		A4CBA06B2D6B3B0A0034AEAE /* Book_of_Answers */ = {
			isa = PBXFileSystemSynchronizedRootGroup;
			path = Book_of_Answers;
			sourceTree = "<group>";
		};
		A4CBA07C2D6B3B0D0034AEAE /* Book_of_AnswersTests */ = {
			isa = PBXFileSystemSynchronizedRootGroup;
			path = Book_of_AnswersTests;
			sourceTree = "<group>";
		};
		A4CBA0862D6B3B0D0034AEAE /* Book_of_AnswersUITests */ = {
			isa = PBXFileSystemSynchronizedRootGroup;
			path = Book_of_AnswersUITests;
			sourceTree = "<group>";
		};
/* End PBXFileSystemSynchronizedRootGroup section */

/* Begin PBXFrameworksBuildPhase section */
		A4CBA0662D6B3B0A0034AEAE /* Frameworks */ = {
			isa = PBXFrameworksBuildPhase;
			buildActionMask = 2147483647;
			files = (
			);
			runOnlyForDeploymentPostprocessing = 0;
		};
		A4CBA0762D6B3B0D0034AEAE /* Frameworks */ = {
			isa = PBXFrameworksBuildPhase;
			buildActionMask = 2147483647;
			files = (
			);
			runOnlyForDeploymentPostprocessing = 0;
		};
		A4CBA0802D6B3B0D0034AEAE /* Frameworks */ = {
			isa = PBXFrameworksBuildPhase;
			buildActionMask = 2147483647;
			files = (
			);
			runOnlyForDeploymentPostprocessing = 0;
		};
/* End PBXFrameworksBuildPhase section */

/* Begin PBXGroup section */
		A4CBA0602D6B3B0A0034AEAE = {
			isa = PBXGroup;
			children = (
				A4CBA06B2D6B3B0A0034AEAE /* Book_of_Answers */,
				A4CBA07C2D6B3B0D0034AEAE /* Book_of_AnswersTests */,
				A4CBA0862D6B3B0D0034AEAE /* Book_of_AnswersUITests */,
				A4CBA06A2D6B3B0A0034AEAE /* Products */,
			);
			sourceTree = "<group>";
		};
		A4CBA06A2D6B3B0A0034AEAE /* Products */ = {
			isa = PBXGroup;
			children = (
				A4CBA0692D6B3B0A0034AEAE /* 答案之书.app */,
				A4CBA0792D6B3B0D0034AEAE /* 答案之书Tests.xctest */,
				A4CBA0832D6B3B0D0034AEAE /* 答案之书UITests.xctest */,
			);
			name = Products;
			sourceTree = "<group>";
		};
/* End PBXGroup section */

/* Begin PBXNativeTarget section */
		A4CBA0682D6B3B0A0034AEAE /* 答案之书 */ = {
			isa = PBXNativeTarget;
			buildConfigurationList = A4CBA08D2D6B3B0D0034AEAE /* Build configuration list for PBXNativeTarget "答案之书" */;
			buildPhases = (
				A4CBA0652D6B3B0A0034AEAE /* Sources */,
				A4CBA0662D6B3B0A0034AEAE /* Frameworks */,
				A4CBA0672D6B3B0A0034AEAE /* Resources */,
			);
			buildRules = (
			);
			dependencies = (
			);
			fileSystemSynchronizedGroups = (
				A4CBA06B2D6B3B0A0034AEAE /* Book_of_Answers */,
			);
			name = "答案之书";
			packageProductDependencies = (
			);
			productName = Book_of_Answers;
			productReference = A4CBA0692D6B3B0A0034AEAE /* 答案之书.app */;
			productType = "com.apple.product-type.application";
		};
		A4CBA0782D6B3B0D0034AEAE /* 答案之书Tests */ = {
			isa = PBXNativeTarget;
			buildConfigurationList = A4CBA0902D6B3B0D0034AEAE /* Build configuration list for PBXNativeTarget "答案之书Tests" */;
			buildPhases = (
				A4CBA0752D6B3B0D0034AEAE /* Sources */,
				A4CBA0762D6B3B0D0034AEAE /* Frameworks */,
				A4CBA0772D6B3B0D0034AEAE /* Resources */,
			);
			buildRules = (
			);
			dependencies = (
				A4CBA07B2D6B3B0D0034AEAE /* PBXTargetDependency */,
			);
			fileSystemSynchronizedGroups = (
				A4CBA07C2D6B3B0D0034AEAE /* Book_of_AnswersTests */,
			);
			name = "答案之书Tests";
			packageProductDependencies = (
			);
			productName = Book_of_AnswersTests;
			productReference = A4CBA0792D6B3B0D0034AEAE /* 答案之书Tests.xctest */;
			productType = "com.apple.product-type.bundle.unit-test";
		};
		A4CBA0822D6B3B0D0034AEAE /* 答案之书UITests */ = {
			isa = PBXNativeTarget;
			buildConfigurationList = A4CBA0932D6B3B0D0034AEAE /* Build configuration list for PBXNativeTarget "答案之书UITests" */;
			buildPhases = (
				A4CBA07F2D6B3B0D0034AEAE /* Sources */,
				A4CBA0802D6B3B0D0034AEAE /* Frameworks */,
				A4CBA0812D6B3B0D0034AEAE /* Resources */,
			);
			buildRules = (
			);
			dependencies = (
				A4CBA0852D6B3B0D0034AEAE /* PBXTargetDependency */,
			);
			fileSystemSynchronizedGroups = (
				A4CBA0862D6B3B0D0034AEAE /* Book_of_AnswersUITests */,
			);
			name = "答案之书UITests";
			packageProductDependencies = (
			);
			productName = Book_of_AnswersUITests;
			productReference = A4CBA0832D6B3B0D0034AEAE /* 答案之书UITests.xctest */;
			productType = "com.apple.product-type.bundle.ui-testing";
		};
/* End PBXNativeTarget section */

/* Begin PBXProject section */
		A4CBA0612D6B3B0A0034AEAE /* Project object */ = {
			isa = PBXProject;
			attributes = {
				BuildIndependentTargetsInParallel = 1;
				LastSwiftUpdateCheck = 1620;
				LastUpgradeCheck = 1620;
				TargetAttributes = {
					A4CBA0682D6B3B0A0034AEAE = {
						CreatedOnToolsVersion = 16.2;
					};
					A4CBA0782D6B3B0D0034AEAE = {
						CreatedOnToolsVersion = 16.2;
						TestTargetID = A4CBA0682D6B3B0A0034AEAE;
					};
					A4CBA0822D6B3B0D0034AEAE = {
						CreatedOnToolsVersion = 16.2;
						TestTargetID = A4CBA0682D6B3B0A0034AEAE;
					};
				};
			};
			buildConfigurationList = A4CBA0642D6B3B0A0034AEAE /* Build configuration list for PBXProject "答案之书" */;
			developmentRegion = en;
			hasScannedForEncodings = 0;
			knownRegions = (
				en,
				Base,
			);
			mainGroup = A4CBA0602D6B3B0A0034AEAE;
			minimizedProjectReferenceProxies = 1;
			preferredProjectObjectVersion = 77;
			productRefGroup = A4CBA06A2D6B3B0A0034AEAE /* Products */;
			projectDirPath = "";
			projectRoot = "";
			targets = (
				A4CBA0682D6B3B0A0034AEAE /* 答案之书 */,
				A4CBA0782D6B3B0D0034AEAE /* 答案之书Tests */,
				A4CBA0822D6B3B0D0034AEAE /* 答案之书UITests */,
			);
		};
/* End PBXProject section */

/* Begin PBXResourcesBuildPhase section */
		A4CBA0672D6B3B0A0034AEAE /* Resources */ = {
			isa = PBXResourcesBuildPhase;
			buildActionMask = 2147483647;
			files = (
			);
			runOnlyForDeploymentPostprocessing = 0;
		};
		A4CBA0772D6B3B0D0034AEAE /* Resources */ = {
			isa = PBXResourcesBuildPhase;
			buildActionMask = 2147483647;
			files = (
			);
			runOnlyForDeploymentPostprocessing = 0;
		};
		A4CBA0812D6B3B0D0034AEAE /* Resources */ = {
			isa = PBXResourcesBuildPhase;
			buildActionMask = 2147483647;
			files = (
			);
			runOnlyForDeploymentPostprocessing = 0;
		};
/* End PBXResourcesBuildPhase section */

/* Begin PBXSourcesBuildPhase section */
		A4CBA0652D6B3B0A0034AEAE /* Sources */ = {
			isa = PBXSourcesBuildPhase;
			buildActionMask = 2147483647;
			files = (
			);
			runOnlyForDeploymentPostprocessing = 0;
		};
		A4CBA0752D6B3B0D0034AEAE /* Sources */ = {
			isa = PBXSourcesBuildPhase;
			buildActionMask = 2147483647;
			files = (
			);
			runOnlyForDeploymentPostprocessing = 0;
		};
		A4CBA07F2D6B3B0D0034AEAE /* Sources */ = {
			isa = PBXSourcesBuildPhase;
			buildActionMask = 2147483647;
			files = (
			);
			runOnlyForDeploymentPostprocessing = 0;
		};
/* End PBXSourcesBuildPhase section */

/* Begin PBXTargetDependency section */
		A4CBA07B2D6B3B0D0034AEAE /* PBXTargetDependency */ = {
			isa = PBXTargetDependency;
			target = A4CBA0682D6B3B0A0034AEAE /* 答案之书 */;
			targetProxy = A4CBA07A2D6B3B0D0034AEAE /* PBXContainerItemProxy */;
		};
		A4CBA0852D6B3B0D0034AEAE /* PBXTargetDependency */ = {
			isa = PBXTargetDependency;
			target = A4CBA0682D6B3B0A0034AEAE /* 答案之书 */;
			targetProxy = A4CBA0842D6B3B0D0034AEAE /* PBXContainerItemProxy */;
		};
/* End PBXTargetDependency section */

/* Begin XCBuildConfiguration section */
		A4CBA08B2D6B3B0D0034AEAE /* Debug */ = {
			isa = XCBuildConfiguration;
			buildSettings = {
				ALWAYS_SEARCH_USER_PATHS = NO;
				ASSETCATALOG_COMPILER_GENERATE_SWIFT_ASSET_SYMBOL_EXTENSIONS = YES;
				CLANG_ANALYZER_NONNULL = YES;
				CLANG_ANALYZER_NUMBER_OBJECT_CONVERSION = YES_AGGRESSIVE;
				CLANG_CXX_LANGUAGE_STANDARD = "gnu++20";
				CLANG_ENABLE_MODULES = YES;
				CLANG_ENABLE_OBJC_ARC = YES;
				CLANG_ENABLE_OBJC_WEAK = YES;
				CLANG_WARN_BLOCK_CAPTURE_AUTORELEASING = YES;
				CLANG_WARN_BOOL_CONVERSION = YES;
				CLANG_WARN_COMMA = YES;
				CLANG_WARN_CONSTANT_CONVERSION = YES;
				CLANG_WARN_DEPRECATED_OBJC_IMPLEMENTATIONS = YES;
				CLANG_WARN_DIRECT_OBJC_ISA_USAGE = YES_ERROR;
				CLANG_WARN_DOCUMENTATION_COMMENTS = YES;
				CLANG_WARN_EMPTY_BODY = YES;
				CLANG_WARN_ENUM_CONVERSION = YES;
				CLANG_WARN_INFINITE_RECURSION = YES;
				CLANG_WARN_INT_CONVERSION = YES;
				CLANG_WARN_NON_LITERAL_NULL_CONVERSION = YES;
				CLANG_WARN_OBJC_IMPLICIT_RETAIN_SELF = YES;
				CLANG_WARN_OBJC_LITERAL_CONVERSION = YES;
				CLANG_WARN_OBJC_ROOT_CLASS = YES_ERROR;
				CLANG_WARN_QUOTED_INCLUDE_IN_FRAMEWORK_HEADER = YES;
				CLANG_WARN_RANGE_LOOP_ANALYSIS = YES;
				CLANG_WARN_STRICT_PROTOTYPES = YES;
				CLANG_WARN_SUSPICIOUS_MOVE = YES;
				CLANG_WARN_UNGUARDED_AVAILABILITY = YES_AGGRESSIVE;
				CLANG_WARN_UNREACHABLE_CODE = YES;
				CLANG_WARN__DUPLICATE_METHOD_MATCH = YES;
				COPY_PHASE_STRIP = NO;
				DEBUG_INFORMATION_FORMAT = dwarf;
				ENABLE_STRICT_OBJC_MSGSEND = YES;
				ENABLE_TESTABILITY = YES;
				ENABLE_USER_SCRIPT_SANDBOXING = YES;
				GCC_C_LANGUAGE_STANDARD = gnu17;
				GCC_DYNAMIC_NO_PIC = NO;
				GCC_NO_COMMON_BLOCKS = YES;
				GCC_OPTIMIZATION_LEVEL = 0;
				GCC_PREPROCESSOR_DEFINITIONS = (
					"DEBUG=1",
					"$(inherited)",
				);
				GCC_WARN_64_TO_32_BIT_CONVERSION = YES;
				GCC_WARN_ABOUT_RETURN_TYPE = YES_ERROR;
				GCC_WARN_UNDECLARED_SELECTOR = YES;
				GCC_WARN_UNINITIALIZED_AUTOS = YES_AGGRESSIVE;
				GCC_WARN_UNUSED_FUNCTION = YES;
				GCC_WARN_UNUSED_VARIABLE = YES;
				IPHONEOS_DEPLOYMENT_TARGET = 18.2;
				LOCALIZATION_PREFERS_STRING_CATALOGS = YES;
				MTL_ENABLE_DEBUG_INFO = INCLUDE_SOURCE;
				MTL_FAST_MATH = YES;
				ONLY_ACTIVE_ARCH = YES;
				SDKROOT = iphoneos;
				SWIFT_ACTIVE_COMPILATION_CONDITIONS = "DEBUG $(inherited)";
				SWIFT_OPTIMIZATION_LEVEL = "-Onone";
			};
			name = Debug;
		};
		A4CBA08C2D6B3B0D0034AEAE /* Release */ = {
			isa = XCBuildConfiguration;
			buildSettings = {
				ALWAYS_SEARCH_USER_PATHS = NO;
				ASSETCATALOG_COMPILER_GENERATE_SWIFT_ASSET_SYMBOL_EXTENSIONS = YES;
				CLANG_ANALYZER_NONNULL = YES;
				CLANG_ANALYZER_NUMBER_OBJECT_CONVERSION = YES_AGGRESSIVE;
				CLANG_CXX_LANGUAGE_STANDARD = "gnu++20";
				CLANG_ENABLE_MODULES = YES;
				CLANG_ENABLE_OBJC_ARC = YES;
				CLANG_ENABLE_OBJC_WEAK = YES;
				CLANG_WARN_BLOCK_CAPTURE_AUTORELEASING = YES;
				CLANG_WARN_BOOL_CONVERSION = YES;
				CLANG_WARN_COMMA = YES;
				CLANG_WARN_CONSTANT_CONVERSION = YES;
				CLANG_WARN_DEPRECATED_OBJC_IMPLEMENTATIONS = YES;
				CLANG_WARN_DIRECT_OBJC_ISA_USAGE = YES_ERROR;
				CLANG_WARN_DOCUMENTATION_COMMENTS = YES;
				CLANG_WARN_EMPTY_BODY = YES;
				CLANG_WARN_ENUM_CONVERSION = YES;
				CLANG_WARN_INFINITE_RECURSION = YES;
				CLANG_WARN_INT_CONVERSION = YES;
				CLANG_WARN_NON_LITERAL_NULL_CONVERSION = YES;
				CLANG_WARN_OBJC_IMPLICIT_RETAIN_SELF = YES;
				CLANG_WARN_OBJC_LITERAL_CONVERSION = YES;
				CLANG_WARN_OBJC_ROOT_CLASS = YES_ERROR;
				CLANG_WARN_QUOTED_INCLUDE_IN_FRAMEWORK_HEADER = YES;
				CLANG_WARN_RANGE_LOOP_ANALYSIS = YES;
				CLANG_WARN_STRICT_PROTOTYPES = YES;
				CLANG_WARN_SUSPICIOUS_MOVE = YES;
				CLANG_WARN_UNGUARDED_AVAILABILITY = YES_AGGRESSIVE;
				CLANG_WARN_UNREACHABLE_CODE = YES;
				CLANG_WARN__DUPLICATE_METHOD_MATCH = YES;
				COPY_PHASE_STRIP = NO;
				DEBUG_INFORMATION_FORMAT = "dwarf-with-dsym";
				ENABLE_NS_ASSERTIONS = NO;
				ENABLE_STRICT_OBJC_MSGSEND = YES;
				ENABLE_USER_SCRIPT_SANDBOXING = YES;
				GCC_C_LANGUAGE_STANDARD = gnu17;
				GCC_NO_COMMON_BLOCKS = YES;
				GCC_WARN_64_TO_32_BIT_CONVERSION = YES;
				GCC_WARN_ABOUT_RETURN_TYPE = YES_ERROR;
				GCC_WARN_UNDECLARED_SELECTOR = YES;
				GCC_WARN_UNINITIALIZED_AUTOS = YES_AGGRESSIVE;
				GCC_WARN_UNUSED_FUNCTION = YES;
				GCC_WARN_UNUSED_VARIABLE = YES;
				IPHONEOS_DEPLOYMENT_TARGET = 18.2;
				LOCALIZATION_PREFERS_STRING_CATALOGS = YES;
				MTL_ENABLE_DEBUG_INFO = NO;
				MTL_FAST_MATH = YES;
				SDKROOT = iphoneos;
				SWIFT_COMPILATION_MODE = wholemodule;
				VALIDATE_PRODUCT = YES;
			};
			name = Release;
		};
		A4CBA08E2D6B3B0D0034AEAE /* Debug */ = {
			isa = XCBuildConfiguration;
			buildSettings = {
				ASSETCATALOG_COMPILER_APPICON_NAME = AppIcon;
				ASSETCATALOG_COMPILER_GLOBAL_ACCENT_COLOR_NAME = AccentColor;
				CODE_SIGN_STYLE = Automatic;
				CURRENT_PROJECT_VERSION = 1;
				DEVELOPMENT_ASSET_PATHS = "\"Book_of_Answers/Preview Content\"";
				DEVELOPMENT_TEAM = 398MG8RW5F;
				ENABLE_PREVIEWS = YES;
				GENERATE_INFOPLIST_FILE = YES;
				INFOPLIST_KEY_UIApplicationSceneManifest_Generation = YES;
				INFOPLIST_KEY_UIApplicationSupportsIndirectInputEvents = YES;
				INFOPLIST_KEY_UILaunchScreen_Generation = YES;
				INFOPLIST_KEY_UIStatusBarStyle = "";
				INFOPLIST_KEY_UISupportedInterfaceOrientations_iPad = "UIInterfaceOrientationPortrait UIInterfaceOrientationPortraitUpsideDown UIInterfaceOrientationLandscapeLeft UIInterfaceOrientationLandscapeRight";
				INFOPLIST_KEY_UISupportedInterfaceOrientations_iPhone = "UIInterfaceOrientationPortrait UIInterfaceOrientationLandscapeLeft UIInterfaceOrientationLandscapeRight";
				IPHONEOS_DEPLOYMENT_TARGET = 17.6;
				LD_RUNPATH_SEARCH_PATHS = (
					"$(inherited)",
					"@executable_path/Frameworks",
				);
				MARKETING_VERSION = 1.0;
				PRODUCT_BUNDLE_IDENTIFIER = "com.twinplanet.Book-of-Answers";
				PRODUCT_NAME = "$(TARGET_NAME)";
				SWIFT_EMIT_LOC_STRINGS = YES;
				SWIFT_VERSION = 5.0;
				TARGETED_DEVICE_FAMILY = "1,2";
			};
			name = Debug;
		};
		A4CBA08F2D6B3B0D0034AEAE /* Release */ = {
			isa = XCBuildConfiguration;
			buildSettings = {
				ASSETCATALOG_COMPILER_APPICON_NAME = AppIcon;
				ASSETCATALOG_COMPILER_GLOBAL_ACCENT_COLOR_NAME = AccentColor;
				CODE_SIGN_STYLE = Automatic;
				CURRENT_PROJECT_VERSION = 1;
				DEVELOPMENT_ASSET_PATHS = "\"Book_of_Answers/Preview Content\"";
				DEVELOPMENT_TEAM = 398MG8RW5F;
				ENABLE_PREVIEWS = YES;
				GENERATE_INFOPLIST_FILE = YES;
				INFOPLIST_KEY_UIApplicationSceneManifest_Generation = YES;
				INFOPLIST_KEY_UIApplicationSupportsIndirectInputEvents = YES;
				INFOPLIST_KEY_UILaunchScreen_Generation = YES;
				INFOPLIST_KEY_UIStatusBarStyle = "";
				INFOPLIST_KEY_UISupportedInterfaceOrientations_iPad = "UIInterfaceOrientationPortrait UIInterfaceOrientationPortraitUpsideDown UIInterfaceOrientationLandscapeLeft UIInterfaceOrientationLandscapeRight";
				INFOPLIST_KEY_UISupportedInterfaceOrientations_iPhone = "UIInterfaceOrientationPortrait UIInterfaceOrientationLandscapeLeft UIInterfaceOrientationLandscapeRight";
				IPHONEOS_DEPLOYMENT_TARGET = 17.6;
				LD_RUNPATH_SEARCH_PATHS = (
					"$(inherited)",
					"@executable_path/Frameworks",
				);
				MARKETING_VERSION = 1.0;
				PRODUCT_BUNDLE_IDENTIFIER = "com.twinplanet.Book-of-Answers";
				PRODUCT_NAME = "$(TARGET_NAME)";
				SWIFT_EMIT_LOC_STRINGS = YES;
				SWIFT_VERSION = 5.0;
				TARGETED_DEVICE_FAMILY = "1,2";
			};
			name = Release;
		};
		A4CBA0912D6B3B0D0034AEAE /* Debug */ = {
			isa = XCBuildConfiguration;
			buildSettings = {
				BUNDLE_LOADER = "$(TEST_HOST)";
				CODE_SIGN_STYLE = Automatic;
				CURRENT_PROJECT_VERSION = 1;
				DEVELOPMENT_TEAM = SH3SJLQ2P8;
				GENERATE_INFOPLIST_FILE = YES;
				IPHONEOS_DEPLOYMENT_TARGET = 18.2;
				MARKETING_VERSION = 1.0;
				PRODUCT_BUNDLE_IDENTIFIER = "com.zyfandhy.Book-of-AnswersTests";
				PRODUCT_NAME = "$(TARGET_NAME)";
				SWIFT_EMIT_LOC_STRINGS = NO;
				SWIFT_VERSION = 5.0;
				TARGETED_DEVICE_FAMILY = "1,2";
				TEST_HOST = "$(BUILT_PRODUCTS_DIR)/答案之书.app/$(BUNDLE_EXECUTABLE_FOLDER_PATH)/答案之书";
			};
			name = Debug;
		};
		A4CBA0922D6B3B0D0034AEAE /* Release */ = {
			isa = XCBuildConfiguration;
			buildSettings = {
				BUNDLE_LOADER = "$(TEST_HOST)";
				CODE_SIGN_STYLE = Automatic;
				CURRENT_PROJECT_VERSION = 1;
				DEVELOPMENT_TEAM = SH3SJLQ2P8;
				GENERATE_INFOPLIST_FILE = YES;
				IPHONEOS_DEPLOYMENT_TARGET = 18.2;
				MARKETING_VERSION = 1.0;
				PRODUCT_BUNDLE_IDENTIFIER = "com.zyfandhy.Book-of-AnswersTests";
				PRODUCT_NAME = "$(TARGET_NAME)";
				SWIFT_EMIT_LOC_STRINGS = NO;
				SWIFT_VERSION = 5.0;
				TARGETED_DEVICE_FAMILY = "1,2";
				TEST_HOST = "$(BUILT_PRODUCTS_DIR)/答案之书.app/$(BUNDLE_EXECUTABLE_FOLDER_PATH)/答案之书";
			};
			name = Release;
		};
		A4CBA0942D6B3B0D0034AEAE /* Debug */ = {
			isa = XCBuildConfiguration;
			buildSettings = {
				CODE_SIGN_STYLE = Automatic;
				CURRENT_PROJECT_VERSION = 1;
				DEVELOPMENT_TEAM = SH3SJLQ2P8;
				GENERATE_INFOPLIST_FILE = YES;
				MARKETING_VERSION = 1.0;
				PRODUCT_BUNDLE_IDENTIFIER = "com.zyfandhy.Book-of-AnswersUITests";
				PRODUCT_NAME = "$(TARGET_NAME)";
				SWIFT_EMIT_LOC_STRINGS = NO;
				SWIFT_VERSION = 5.0;
				TARGETED_DEVICE_FAMILY = "1,2";
				TEST_TARGET_NAME = Book_of_Answers;
			};
			name = Debug;
		};
		A4CBA0952D6B3B0D0034AEAE /* Release */ = {
			isa = XCBuildConfiguration;
			buildSettings = {
				CODE_SIGN_STYLE = Automatic;
				CURRENT_PROJECT_VERSION = 1;
				DEVELOPMENT_TEAM = SH3SJLQ2P8;
				GENERATE_INFOPLIST_FILE = YES;
				MARKETING_VERSION = 1.0;
				PRODUCT_BUNDLE_IDENTIFIER = "com.zyfandhy.Book-of-AnswersUITests";
				PRODUCT_NAME = "$(TARGET_NAME)";
				SWIFT_EMIT_LOC_STRINGS = NO;
				SWIFT_VERSION = 5.0;
				TARGETED_DEVICE_FAMILY = "1,2";
				TEST_TARGET_NAME = Book_of_Answers;
			};
			name = Release;
		};
/* End XCBuildConfiguration section */

/* Begin XCConfigurationList section */
		A4CBA0642D6B3B0A0034AEAE /* Build configuration list for PBXProject "答案之书" */ = {
			isa = XCConfigurationList;
			buildConfigurations = (
				A4CBA08B2D6B3B0D0034AEAE /* Debug */,
				A4CBA08C2D6B3B0D0034AEAE /* Release */,
			);
			defaultConfigurationIsVisible = 0;
			defaultConfigurationName = Release;
		};
		A4CBA08D2D6B3B0D0034AEAE /* Build configuration list for PBXNativeTarget "答案之书" */ = {
			isa = XCConfigurationList;
			buildConfigurations = (
				A4CBA08E2D6B3B0D0034AEAE /* Debug */,
				A4CBA08F2D6B3B0D0034AEAE /* Release */,
			);
			defaultConfigurationIsVisible = 0;
			defaultConfigurationName = Release;
		};
		A4CBA0902D6B3B0D0034AEAE /* Build configuration list for PBXNativeTarget "答案之书Tests" */ = {
			isa = XCConfigurationList;
			buildConfigurations = (
				A4CBA0912D6B3B0D0034AEAE /* Debug */,
				A4CBA0922D6B3B0D0034AEAE /* Release */,
			);
			defaultConfigurationIsVisible = 0;
			defaultConfigurationName = Release;
		};
		A4CBA0932D6B3B0D0034AEAE /* Build configuration list for PBXNativeTarget "答案之书UITests" */ = {
			isa = XCConfigurationList;
			buildConfigurations = (
				A4CBA0942D6B3B0D0034AEAE /* Debug */,
				A4CBA0952D6B3B0D0034AEAE /* Release */,
			);
			defaultConfigurationIsVisible = 0;
			defaultConfigurationName = Release;
		};
/* End XCConfigurationList section */
	};
	rootObject = A4CBA0612D6B3B0A0034AEAE /* Project object */;
}
